// !$*UTF8*$!
{
	archiveVersion = 1;
	classes = {
	};
	objectVersion = 45;
	objects = {

/* Begin PBXAggregateTarget section */
		1BF323A2B02F1EC68832C2CB /* All */ = {
			isa = PBXAggregateTarget;
			buildConfigurationList = EB6C1E4AF282847509C3F777 /* Build configuration list for PBXAggregateTarget "All" */;
			buildPhases = (
			);
			dependencies = (
				DFCEE91384FB383829C69B0B /* PBXTargetDependency */,
				6AA312E9C9D767599DC10FA1 /* PBXTargetDependency */,
				FB6419D8479D06EDB7EAD4F9 /* PBXTargetDependency */,
			);
			name = All;
			productName = All;
		};
/* End PBXAggregateTarget section */

/* Begin PBXBuildFile section */
		039F0A61141917E787F5AA1E /* test-udp-multicast-ttl.c in Sources */ = {isa = PBXBuildFile; fileRef = D8284066040C7BF32BECF7D8 /* test-udp-multicast-ttl.c */; };
		097E0CF1D4A7385531932DC8 /* test-tcp-unexpected-read.c in Sources */ = {isa = PBXBuildFile; fileRef = D76CFDEC5CCCB2F04CE35957 /* test-tcp-unexpected-read.c */; };
		0A846E3A8BBC0B530A6D442F /* test-getsockname.c in Sources */ = {isa = PBXBuildFile; fileRef = ED9B014AF7582AA76DB79DB1 /* test-getsockname.c */; };
		0B8D76DB2B4A34A7A93969CA /* test-tcp-flags.c in Sources */ = {isa = PBXBuildFile; fileRef = A3F3A4F2D17FD2A483AF51FA /* test-tcp-flags.c */; };
		0B9D95836E97DDA1F51ADCB9 /* test-fs-poll.c in Sources */ = {isa = PBXBuildFile; fileRef = FF6D88115DA2D561A23C3983 /* test-fs-poll.c */; };
		0C936C43E618508AA4797523 /* test-tcp-close.c in Sources */ = {isa = PBXBuildFile; fileRef = A8597217335FF84165153D4B /* test-tcp-close.c */; };
		0E9410BB40BCE1B4C917CED7 /* benchmark-udp-pummel.c in Sources */ = {isa = PBXBuildFile; fileRef = E368BCF1DD85809BEF537A3F /* benchmark-udp-pummel.c */; };
		0FCF82A29347B8DA90A22EB4 /* libuv.a in Frameworks */ = {isa = PBXBuildFile; fileRef = 1366FBDA3B41EA03E9CC86CA /* libuv.a */; };
		11158E94D838CCF65334691D /* test-ipc-send-recv.c in Sources */ = {isa = PBXBuildFile; fileRef = 0610F0CB80462AA5B4062F9B /* test-ipc-send-recv.c */; };
		11EBEC74128269D8ED84B3CA /* dns-server.c in Sources */ = {isa = PBXBuildFile; fileRef = 7BE3C2C2E8F3FA98411914C0 /* dns-server.c */; };
		14B86A9BEB28FB105615DFC3 /* test-active.c in Sources */ = {isa = PBXBuildFile; fileRef = A3811BFCF2926F88A89337BB /* test-active.c */; };
		170EA76CCA1A9652863BE9FA /* test-poll-close.c in Sources */ = {isa = PBXBuildFile; fileRef = DBF9320C8747AC249A48252B /* test-poll-close.c */; };
		17147DBE484EE8BAB9B4D2F8 /* loop-watcher.c in Sources */ = {isa = PBXBuildFile; fileRef = BED29F62F7EA09D75179DCB2 /* loop-watcher.c */; };
		1A8CE7F039C577E8102A5DA6 /* test-get-memory.c in Sources */ = {isa = PBXBuildFile; fileRef = AE5B26B1B281FE8E387DFF3B /* test-get-memory.c */; };
		1D21651C8A9D8707860F9A36 /* echo-server.c in Sources */ = {isa = PBXBuildFile; fileRef = 13A481055CD717DF2541FF08 /* echo-server.c */; };
		1ED4DED5AFD499699D83B3A5 /* test-pipe-bind-error.c in Sources */ = {isa = PBXBuildFile; fileRef = D802F084D22996AAB91E635A /* test-pipe-bind-error.c */; };
		1ED8E4E7F5399A78E1B6AD3E /* runner-unix.c in Sources */ = {isa = PBXBuildFile; fileRef = 7643716417C711503BFD09A3 /* runner-unix.c */; };
		1F34CD1843270EF9A2CC3660 /* test-tcp-write-to-half-open-connection.c in Sources */ = {isa = PBXBuildFile; fileRef = 316AD7C948F5B2930EB33AD2 /* test-tcp-write-to-half-open-connection.c */; };
		1FB957D9574C32013F98A236 /* dl.c in Sources */ = {isa = PBXBuildFile; fileRef = 2BC84FC9CCCEF95ECCA4E892 /* dl.c */; };
		216F4FFD1504E87C66E0882C /* test-multiple-listen.c in Sources */ = {isa = PBXBuildFile; fileRef = 25A2B2B952E30889A1473E1D /* test-multiple-listen.c */; };
		2396B4EBB9CE1F8492C7940D /* test-tcp-bind6-error.c in Sources */ = {isa = PBXBuildFile; fileRef = 21F44E6CE90F411154093C0A /* test-tcp-bind6-error.c */; };
		23DBDC01E423BE1F244B7C91 /* test-get-loadavg.c in Sources */ = {isa = PBXBuildFile; fileRef = 25C0E15B19C98D21BBF14E96 /* test-get-loadavg.c */; };
		289D27DE0FB5089282EFA885 /* test-run-nowait.c in Sources */ = {isa = PBXBuildFile; fileRef = 3AB5075313B1DD32C65F7CF4 /* test-run-nowait.c */; };
		293EC596BAFFE1AC06D4CC4C /* benchmark-million-timers.c in Sources */ = {isa = PBXBuildFile; fileRef = 87E6CBAAE987592E6E6D92DF /* benchmark-million-timers.c */; };
		29B0683E19DFA1BE1D0A0E88 /* test-tcp-read-stop.c in Sources */ = {isa = PBXBuildFile; fileRef = A10EBDAE85276BB1DAC6BEC2 /* test-tcp-read-stop.c */; };
		2C08FE60A0AD22B70E569049 /* test-condvar.c in Sources */ = {isa = PBXBuildFile; fileRef = B0708FEC17D43F3E8C955C3C /* test-condvar.c */; };
		2D539615291E6C07891BE72A /* uv-common.c in Sources */ = {isa = PBXBuildFile; fileRef = 1743CFEBD471F9E247E53C9C /* uv-common.c */; };
		2D731AEEA359D693B688B6E9 /* test-shutdown-eof.c in Sources */ = {isa = PBXBuildFile; fileRef = CBDF89446097E83456C90765 /* test-shutdown-eof.c */; };
		2F66C6C907D6E6CF74CB6F0D /* benchmark-million-async.c in Sources */ = {isa = PBXBuildFile; fileRef = 0B9678FEDDD905E7E042A429 /* benchmark-million-async.c */; };
		309AC1476B157DD2458005F2 /* darwin.c in Sources */ = {isa = PBXBuildFile; fileRef = 57210460BBB5FD25100F471D /* darwin.c */; };
		318FE4CAE72E32DB04F1B5CC /* test-tcp-connect-timeout.c in Sources */ = {isa = PBXBuildFile; fileRef = 70A0058B0DBA0A5023BA6FF8 /* test-tcp-connect-timeout.c */; };
		31A0A9D0FAE69BF07803FD98 /* fs-poll.c in Sources */ = {isa = PBXBuildFile; fileRef = 275071A6DFDDD433F83BD38C /* fs-poll.c */; };
		32B6B46F6FB1E2AB460428F7 /* test-connection-fail.c in Sources */ = {isa = PBXBuildFile; fileRef = E15E9A50BC6B315A09BE15AC /* test-connection-fail.c */; };
		32D9DF4C4B21AC1FABE8140D /* libuv.a in Frameworks */ = {isa = PBXBuildFile; fileRef = 1366FBDA3B41EA03E9CC86CA /* libuv.a */; };
		34AA2BECD936855ED143AEFB /* signal.c in Sources */ = {isa = PBXBuildFile; fileRef = ACF4D2EA3CDC0D3720CC6652 /* signal.c */; };
		3622D9F0C54E31B10C71DD10 /* test-udp-send-and-recv.c in Sources */ = {isa = PBXBuildFile; fileRef = A373F4CCC990B3E443A17858 /* test-udp-send-and-recv.c */; };
		370017A28C0CFA057C6D45D7 /* test-tty.c in Sources */ = {isa = PBXBuildFile; fileRef = C0D8DB4019A65E9B53025FE6 /* test-tty.c */; };
		37DF9DA16EA8DF9EEA562048 /* process.c in Sources */ = {isa = PBXBuildFile; fileRef = CBD7AB980C90721CA1D5F82C /* process.c */; };
		3824D9E0A37CA2D9B227AFE9 /* inet.c in Sources */ = {isa = PBXBuildFile; fileRef = 0EC6247DFE08AEF6EBA979B4 /* inet.c */; };
		3980D7C357548F8B3A37FC2E /* benchmark-pump.c in Sources */ = {isa = PBXBuildFile; fileRef = 60229CE02A7CA975502B2552 /* benchmark-pump.c */; };
		3A64C6C133A6BA925A37C98F /* test-udp-options.c in Sources */ = {isa = PBXBuildFile; fileRef = E1F38034811CC5EE9AD2B423 /* test-udp-options.c */; };
		3B10CECF239B2E3DA1E4B4B1 /* test-callback-stack.c in Sources */ = {isa = PBXBuildFile; fileRef = DBDA1EFD678C245D220F1B03 /* test-callback-stack.c */; };
		3B3EF08D26AA7FE8EB6D705C /* run-benchmarks.c in Sources */ = {isa = PBXBuildFile; fileRef = D46A15BA83C3F90AC2DD2DD7 /* run-benchmarks.c */; };
		41C0B806F76F96A9912D180A /* core.c in Sources */ = {isa = PBXBuildFile; fileRef = 9C66F1246EAC664C01670583 /* core.c */; };
		44BEDE6723471F1F87CB6C6C /* test-thread.c in Sources */ = {isa = PBXBuildFile; fileRef = F352721F73E72394A3FE9461 /* test-thread.c */; };
		44E943C56B534956EC381523 /* test-ping-pong.c in Sources */ = {isa = PBXBuildFile; fileRef = 03D9E038B87B5924BB8CE155 /* test-ping-pong.c */; };
		4729E005F642B106C68C969A /* test-stdio-over-pipes.c in Sources */ = {isa = PBXBuildFile; fileRef = BC29DD05C9D8E927B20DFA52 /* test-stdio-over-pipes.c */; };
		48583FDD5B0EAAF7C107BEDF /* test-hrtime.c in Sources */ = {isa = PBXBuildFile; fileRef = 2506BBD8F8CF2CDF3156BD50 /* test-hrtime.c */; };
		491AE5F3CDD37FE966979C8D /* test-poll.c in Sources */ = {isa = PBXBuildFile; fileRef = CB8103F2E2700E5FEBF27904 /* test-poll.c */; };
		49566C7E01F092457F138366 /* benchmark-async-pummel.c in Sources */ = {isa = PBXBuildFile; fileRef = 3C5B7938E5573807B173EE9A /* benchmark-async-pummel.c */; };
		5150758927C494792892A7EA /* test-ref.c in Sources */ = {isa = PBXBuildFile; fileRef = 510468EABB26161A1D2D22BD /* test-ref.c */; };
		55851CD2E853262A98822ADD /* test-error.c in Sources */ = {isa = PBXBuildFile; fileRef = F421F5C124F677089D975332 /* test-error.c */; };
		58B26D7938C9AFE13F74046D /* test-tcp-open.c in Sources */ = {isa = PBXBuildFile; fileRef = B2A5682EB1EBDB63A5A4FF68 /* test-tcp-open.c */; };
		5B887D1A1222591ADEB448A5 /* test-fs-event.c in Sources */ = {isa = PBXBuildFile; fileRef = 66D63C076D568F1435ED3BA7 /* test-fs-event.c */; };
		5DAA8965F8DA2CDD3D02BE62 /* test-spawn.c in Sources */ = {isa = PBXBuildFile; fileRef = BE99830220F54369574D85E4 /* test-spawn.c */; };
		5F312E24B2CBA15F713872AE /* test-signal-multiple-loops.c in Sources */ = {isa = PBXBuildFile; fileRef = C71EC85F047F99FE208C1F0D /* test-signal-multiple-loops.c */; };
		61FC8D1BFC04537B33A27643 /* test-fs.c in Sources */ = {isa = PBXBuildFile; fileRef = EC43658C0E7B3EEEC341967B /* test-fs.c */; };
		62243B49A32B8CA1F8BA0976 /* benchmark-spawn.c in Sources */ = {isa = PBXBuildFile; fileRef = A9675BCCFA028E67B099FAD9 /* benchmark-spawn.c */; };
		62255EB4BAE73F4F90CF526A /* run-tests.c in Sources */ = {isa = PBXBuildFile; fileRef = C9C75784CD22A66F9F04C7B5 /* run-tests.c */; };
		63AF9372CB9756BF53FD922E /* test-fail-always.c in Sources */ = {isa = PBXBuildFile; fileRef = 3C6C0F1C14D7606E450409AB /* test-fail-always.c */; };
		64492FE128370935998FC9D6 /* CoreServices.framework in Frameworks */ = {isa = PBXBuildFile; fileRef = 03995E82ED3EDC866A50CA3F /* CoreServices.framework */; };
		65F7C671BDADDC17EBA23375 /* udp.c in Sources */ = {isa = PBXBuildFile; fileRef = BD566A6717132B083504D61D /* udp.c */; };
		66A38C8F06881E8518C4DF84 /* test-udp-dgram-too-big.c in Sources */ = {isa = PBXBuildFile; fileRef = 3188617F19884B6515B431D3 /* test-udp-dgram-too-big.c */; };
		6A0AF2239173876976369AD1 /* benchmark-thread.c in Sources */ = {isa = PBXBuildFile; fileRef = 1AEDC356AC91C38ACEFE41F6 /* benchmark-thread.c */; };
		6A6EF571EC5578C2E87ECF6C /* test-tcp-connect-error.c in Sources */ = {isa = PBXBuildFile; fileRef = 53DEF1C9AD211DAE223A543B /* test-tcp-connect-error.c */; };
		6C1C485540986C53AB43A9B1 /* test-tcp-close-while-connecting.c in Sources */ = {isa = PBXBuildFile; fileRef = AB5162813A86658ED3C35DE7 /* test-tcp-close-while-connecting.c */; };
		6E684207F79D20FE567ADA15 /* tty.c in Sources */ = {isa = PBXBuildFile; fileRef = 76276F38C6E3CB81D6B9D005 /* tty.c */; };
		6EF51BF92CF2A0D2A3E5E94F /* test-get-currentexe.c in Sources */ = {isa = PBXBuildFile; fileRef = F2EC593AFD68A9BF413FC922 /* test-get-currentexe.c */; };
		735A7921134E1C3CE1467E0E /* test-callback-order.c in Sources */ = {isa = PBXBuildFile; fileRef = D35EF8AE3F1599379B059C21 /* test-callback-order.c */; };
		73E6ED243553AAE41024BF4F /* test-tcp-shutdown-after-write.c in Sources */ = {isa = PBXBuildFile; fileRef = 80161391BFD0E1727CC6E837 /* test-tcp-shutdown-after-write.c */; };
		748872446BBE8DDA98FD3A05 /* benchmark-multi-accept.c in Sources */ = {isa = PBXBuildFile; fileRef = 45EB8B2FFCAEB423EBD7802F /* benchmark-multi-accept.c */; };
		7AD2D1E3006F15A30E74C929 /* benchmark-pound.c in Sources */ = {isa = PBXBuildFile; fileRef = 8B579310E33D590B7B2986DD /* benchmark-pound.c */; };
		8469B050BB4B8DD2280D7EAB /* poll.c in Sources */ = {isa = PBXBuildFile; fileRef = BDD22039B6923DFA419D3E31 /* poll.c */; };
		8596F28BF8646E242288008F /* test-loop-handles.c in Sources */ = {isa = PBXBuildFile; fileRef = CB406F622239E7FAAAB8EAE2 /* test-loop-handles.c */; };
		87192A43CDE5B3531F27B8AB /* stream.c in Sources */ = {isa = PBXBuildFile; fileRef = 16FB9E3B8ED8630C181F2567 /* stream.c */; };
		8860AAF43E5D9970673CC744 /* test-async.c in Sources */ = {isa = PBXBuildFile; fileRef = 09E1C49826F829FC6D2C4C32 /* test-async.c */; };
		89BEF9EF6A3B4DBBCFA974E9 /* test-walk-handles.c in Sources */ = {isa = PBXBuildFile; fileRef = F10903B978B991B31FF3B017 /* test-walk-handles.c */; };
		8CAD02486B176FB2ED51CA54 /* blackhole-server.c in Sources */ = {isa = PBXBuildFile; fileRef = 662B2D2317B6A44E4F973607 /* blackhole-server.c */; };
		8D763A46254DCA2F2AA81D55 /* echo-server.c in Sources */ = {isa = PBXBuildFile; fileRef = 13A481055CD717DF2541FF08 /* echo-server.c */; };
		9187161B64450370586106A8 /* timer.c in Sources */ = {isa = PBXBuildFile; fileRef = 32389543F04A65EF40964A95 /* timer.c */; };
		940B9A917ABA695F2B0840A0 /* runner.c in Sources */ = {isa = PBXBuildFile; fileRef = 40E9BEDAF8EE8374DF7FB743 /* runner.c */; };
		9776097BE218F29B23927A4B /* threadpool.c in Sources */ = {isa = PBXBuildFile; fileRef = 8435BADCCE503B91EA350D35 /* threadpool.c */; };
		9783CDD36F7CFD2F67F55B0D /* test-mutexes.c in Sources */ = {isa = PBXBuildFile; fileRef = D92DBEDBC6997337583EAFA9 /* test-mutexes.c */; };
		9AE33F6D4F7EE9A7BA553430 /* error.c in Sources */ = {isa = PBXBuildFile; fileRef = 186E0578A6EEFDFFD37238D3 /* error.c */; };
		9B62D21EAB618C110F4F1EFA /* fsevents.c in Sources */ = {isa = PBXBuildFile; fileRef = 241DD966C4A104726884AB3E /* fsevents.c */; };
		9C3742F16A40BDDFB77F2D08 /* CoreServices.framework in Frameworks */ = {isa = PBXBuildFile; fileRef = 03995E82ED3EDC866A50CA3F /* CoreServices.framework */; };
		9C5945291F40CBB0F118E209 /* test-tcp-write-error.c in Sources */ = {isa = PBXBuildFile; fileRef = 1620BD52B539ACBB339AC1E8 /* test-tcp-write-error.c */; };
		9E46B32498329DFAFF2A7038 /* test-shutdown-close.c in Sources */ = {isa = PBXBuildFile; fileRef = 4A6F0573AC5F1585B4FD64CC /* test-shutdown-close.c */; };
		9F1CEDD79BF2E1008CA40D02 /* -lm in Frameworks */ = {isa = PBXBuildFile; fileRef = 318EA9866DFFC64ACAC4F152 /* -lm */; };
		A16FF58A289F8EEE2A9CF3C0 /* test-pipe-connect-error.c in Sources */ = {isa = PBXBuildFile; fileRef = 94A00AA5A32C69299238B9FB /* test-pipe-connect-error.c */; };
		A2ED56C765DE5AC4238A24A6 /* test-tcp-connect-error-after-write.c in Sources */ = {isa = PBXBuildFile; fileRef = 9B265B9316142326C0198456 /* test-tcp-connect-error-after-write.c */; };
		A8AD43489D5E35ED67781643 /* test-platform-output.c in Sources */ = {isa = PBXBuildFile; fileRef = E693261F971F3A54AC55C056 /* test-platform-output.c */; };
		A9E0C2C5D99972B77AF1F30B /* benchmark-tcp-write-batch.c in Sources */ = {isa = PBXBuildFile; fileRef = C1B02795E043A2AEAD2C9F33 /* benchmark-tcp-write-batch.c */; };
		AAD82C2C51B55390A85A2B3D /* fs.c in Sources */ = {isa = PBXBuildFile; fileRef = 3E221E3487C83972954FE3F4 /* fs.c */; };
		B014B9FC3DCECBCA830F77AE /* loop.c in Sources */ = {isa = PBXBuildFile; fileRef = 52786454B42E90186DCDED30 /* loop.c */; };
		B5085AFFFFFAB77417889CE7 /* getaddrinfo.c in Sources */ = {isa = PBXBuildFile; fileRef = 55DADA8B912C46174791CBC8 /* getaddrinfo.c */; };
		B8B25C5A77AE6C70638921BE /* pipe.c in Sources */ = {isa = PBXBuildFile; fileRef = 8D4D4F766CFD4876472B6BC7 /* pipe.c */; };
		B9FD8D81F3AEE61AB960E870 /* test-run-once.c in Sources */ = {isa = PBXBuildFile; fileRef = E822CE24A76F2A8ABCB6EED8 /* test-run-once.c */; };
		BBBC1C5BD57544CF5AA7CBE0 /* test-util.c in Sources */ = {isa = PBXBuildFile; fileRef = 3E9430088C8E2981AC505C51 /* test-util.c */; };
		BE450C0F94893CCE83F8ECA5 /* test-getaddrinfo.c in Sources */ = {isa = PBXBuildFile; fileRef = 6DA61F76AB0AADB4595DA36C /* test-getaddrinfo.c */; };
		BE68F014C04C13456EB87F10 /* test-tcp-writealot.c in Sources */ = {isa = PBXBuildFile; fileRef = AE4D2060456EF8924D630BF5 /* test-tcp-writealot.c */; };
		BEB497010267758E19549A53 /* benchmark-fs-stat.c in Sources */ = {isa = PBXBuildFile; fileRef = C9438BC085BFB10797057568 /* benchmark-fs-stat.c */; };
		BF1DCF8CC4158FC91670BAAF /* test-threadpool-cancel.c in Sources */ = {isa = PBXBuildFile; fileRef = 56557578B6C2CCB8638B8B02 /* test-threadpool-cancel.c */; };
		BFA70F44A3255893338979FF /* runner.c in Sources */ = {isa = PBXBuildFile; fileRef = 40E9BEDAF8EE8374DF7FB743 /* runner.c */; };
		C1A5EB90A17A84EDAFFED9DC /* test-tcp-connect6-error.c in Sources */ = {isa = PBXBuildFile; fileRef = AD66A8CB1CEC48AD0FFF2F9F /* test-tcp-connect6-error.c */; };
		C588A1C91CBACBF7A60A840F /* test-process-title.c in Sources */ = {isa = PBXBuildFile; fileRef = 3CB9B0B07A7DA38C302B48B6 /* test-process-title.c */; };
		C644B97C17C17A8C07063806 /* -lm in Frameworks */ = {isa = PBXBuildFile; fileRef = 318EA9866DFFC64ACAC4F152 /* -lm */; };
		C6579631E19A8D102E1EBF10 /* benchmark-ping-pongs.c in Sources */ = {isa = PBXBuildFile; fileRef = 08B4926132CCE7E662372FE0 /* benchmark-ping-pongs.c */; };
		C69947A5962437AB1A454E05 /* test-embed.c in Sources */ = {isa = PBXBuildFile; fileRef = 6F9C81A962726E4A9A970ECC /* test-embed.c */; };
		C738C6F2F1BDDA1EC514ADA9 /* test-idle.c in Sources */ = {isa = PBXBuildFile; fileRef = C6C0358734B0B1F9B852FD94 /* test-idle.c */; };
		C79731F16FFECA0727F05C81 /* tcp.c in Sources */ = {isa = PBXBuildFile; fileRef = 006788E3A1BCDB01D5AFA26D /* tcp.c */; };
		C90B08B5CC3A855B6AD31381 /* test-condvar-consumer-producer.c in Sources */ = {isa = PBXBuildFile; fileRef = 961A1208CCF2496016CA9811 /* test-condvar-consumer-producer.c */; };
		C90CCEFB24F9FF85796C25CB /* test-threadpool.c in Sources */ = {isa = PBXBuildFile; fileRef = 8E551C652371445F29B89AB7 /* test-threadpool.c */; };
		CA192CB0B92EBD38B0B5F764 /* test-pass-always.c in Sources */ = {isa = PBXBuildFile; fileRef = 364B397F5209268AE3568849 /* test-pass-always.c */; };
		CF9D9BEA733C02D6CD365F5F /* test-udp-ipv6.c in Sources */ = {isa = PBXBuildFile; fileRef = 3DC7B54C76C44A7ED402E734 /* test-udp-ipv6.c */; };
		CFC25C1D0B95A4FD05F8CF2F /* async.c in Sources */ = {isa = PBXBuildFile; fileRef = 8E758132FDE9BA65B4A096D4 /* async.c */; };
		D0F8FF1D80EADDA5EE71544B /* kqueue.c in Sources */ = {isa = PBXBuildFile; fileRef = D5DBA64661E3E3823FF0B65B /* kqueue.c */; };
		D27900B8F2993D15323AF5ED /* blackhole-server.c in Sources */ = {isa = PBXBuildFile; fileRef = 662B2D2317B6A44E4F973607 /* blackhole-server.c */; };
		D3A5AF7AC3990A19D51CC279 /* test-cwd-and-chdir.c in Sources */ = {isa = PBXBuildFile; fileRef = 510D28C6CBBAA70DAA6B8D5B /* test-cwd-and-chdir.c */; };
		D520BB16A703DE2E8B4FE297 /* thread.c in Sources */ = {isa = PBXBuildFile; fileRef = 74F0F674CFBF30A1336F6106 /* thread.c */; };
		D56A9951FBA66233501695BB /* runner-unix.c in Sources */ = {isa = PBXBuildFile; fileRef = 7643716417C711503BFD09A3 /* runner-unix.c */; };
		D66D8E4B9E34DFE9B91FE178 /* test-tcp-bind-error.c in Sources */ = {isa = PBXBuildFile; fileRef = 9844B804CF9FD3F84901E31F /* test-tcp-bind-error.c */; };
		D66EAC3D003548DD5ED94A3C /* test-dlerror.c in Sources */ = {isa = PBXBuildFile; fileRef = 8AFA5C670D8AD48D37984209 /* test-dlerror.c */; };
		D837EDB22B757C735172067B /* test-udp-open.c in Sources */ = {isa = PBXBuildFile; fileRef = 620073D11E295FE9C2A37CEA /* test-udp-open.c */; };
		DB5591AB4F48A978714A9F35 /* benchmark-getaddrinfo.c in Sources */ = {isa = PBXBuildFile; fileRef = 71A3FF0C938F91ED2A7D18A4 /* benchmark-getaddrinfo.c */; };
		DEECCCE6FB3297DD2310CE1B /* test-signal.c in Sources */ = {isa = PBXBuildFile; fileRef = AA6B994642205C21E60C743E /* test-signal.c */; };
		E6AB8937BDD46E0A4355CF14 /* test-ipc.c in Sources */ = {isa = PBXBuildFile; fileRef = D6DAE8C2782A52106270890A /* test-ipc.c */; };
		EC8D3ED8D454BB3BCA1C222A /* benchmark-loop-count.c in Sources */ = {isa = PBXBuildFile; fileRef = C353118A0EDAD5BCC72C5FE9 /* benchmark-loop-count.c */; };
		EE1B109B91604A81AFD114AC /* test-delayed-accept.c in Sources */ = {isa = PBXBuildFile; fileRef = 2FCBDF1C9514BDE6E5AACC5F /* test-delayed-accept.c */; };
		EE3A78D9E46F3482FA74E574 /* test-udp-multicast-join.c in Sources */ = {isa = PBXBuildFile; fileRef = 753D16CD907AF790F753B558 /* test-udp-multicast-join.c */; };
		EEB8ECDA43371BEF410BC283 /* test-timer.c in Sources */ = {isa = PBXBuildFile; fileRef = B22DD3075F8496F6CCB30FF4 /* test-timer.c */; };
		EFB91C0C9EFE4837604EE5CC /* test-semaphore.c in Sources */ = {isa = PBXBuildFile; fileRef = 9A85D4B35FA78E4673FDD2E8 /* test-semaphore.c */; };
		F853C5A26DCE0C60C30D81B8 /* test-timer-again.c in Sources */ = {isa = PBXBuildFile; fileRef = FB9BD151BFC6BA6B11502F14 /* test-timer-again.c */; };
		FA32E619CA881BE32222124C /* benchmark-sizes.c in Sources */ = {isa = PBXBuildFile; fileRef = EF8C2717D547EFDA37597CB2 /* benchmark-sizes.c */; };
		FBDB7E25347962BF1EC858E1 /* benchmark-async.c in Sources */ = {isa = PBXBuildFile; fileRef = F0CD1F73A009BCBE5A154BCC /* benchmark-async.c */; };
		FC8A0166483EB812AB36C912 /* test-barrier.c in Sources */ = {isa = PBXBuildFile; fileRef = 280831C5E7E115B84C341EC2 /* test-barrier.c */; };
/* End PBXBuildFile section */

/* Begin PBXContainerItemProxy section */
		04ED21EC7D0F0261F5BB9400 /* PBXContainerItemProxy */ = {
			isa = PBXContainerItemProxy;
			containerPortal = 36EC565658762C7175600AFC /* Project object */;
			proxyType = 1;
			remoteGlobalIDString = 178071661CB321BB5A46AC92;
			remoteInfo = libuv;
		};
		4537704A156CA7358FD6D434 /* PBXContainerItemProxy */ = {
			isa = PBXContainerItemProxy;
			containerPortal = 36EC565658762C7175600AFC /* Project object */;
			proxyType = 1;
			remoteGlobalIDString = A481575742DC2CA77987CD55;
			remoteInfo = "run-benchmarks";
		};
		53F005A90DE5A64FA96A61FB /* PBXContainerItemProxy */ = {
			isa = PBXContainerItemProxy;
			containerPortal = 36EC565658762C7175600AFC /* Project object */;
			proxyType = 1;
			remoteGlobalIDString = 178071661CB321BB5A46AC92;
			remoteInfo = libuv;
		};
		7B5C0D3558609EFA7885929F /* PBXContainerItemProxy */ = {
			isa = PBXContainerItemProxy;
			containerPortal = 36EC565658762C7175600AFC /* Project object */;
			proxyType = 1;
			remoteGlobalIDString = 178071661CB321BB5A46AC92;
			remoteInfo = libuv;
		};
		D14F3AB9F03F2BAE17DCC696 /* PBXContainerItemProxy */ = {
			isa = PBXContainerItemProxy;
			containerPortal = 36EC565658762C7175600AFC /* Project object */;
			proxyType = 1;
			remoteGlobalIDString = D9233647E13A9525F991A21E;
			remoteInfo = "run-tests";
		};
/* End PBXContainerItemProxy section */

/* Begin PBXFileReference section */
		006788E3A1BCDB01D5AFA26D /* tcp.c */ = {isa = PBXFileReference; lastKnownFileType = sourcecode.c.c; path = tcp.c; sourceTree = "<group>"; };
		03995E82ED3EDC866A50CA3F /* CoreServices.framework */ = {isa = PBXFileReference; lastKnownFileType = wrapper.framework; name = CoreServices.framework; path = System/Library/Frameworks/CoreServices.framework; sourceTree = SDKROOT; };
		03D9E038B87B5924BB8CE155 /* test-ping-pong.c */ = {isa = PBXFileReference; lastKnownFileType = sourcecode.c.c; path = "test-ping-pong.c"; sourceTree = "<group>"; };
		0610F0CB80462AA5B4062F9B /* test-ipc-send-recv.c */ = {isa = PBXFileReference; lastKnownFileType = sourcecode.c.c; path = "test-ipc-send-recv.c"; sourceTree = "<group>"; };
		06164444BD9491650B2F269F /* uv.h */ = {isa = PBXFileReference; lastKnownFileType = sourcecode.c.h; path = uv.h; sourceTree = "<group>"; };
		08B4926132CCE7E662372FE0 /* benchmark-ping-pongs.c */ = {isa = PBXFileReference; lastKnownFileType = sourcecode.c.c; path = "benchmark-ping-pongs.c"; sourceTree = "<group>"; };
		09E1C49826F829FC6D2C4C32 /* test-async.c */ = {isa = PBXFileReference; lastKnownFileType = sourcecode.c.c; path = "test-async.c"; sourceTree = "<group>"; };
		0B9678FEDDD905E7E042A429 /* benchmark-million-async.c */ = {isa = PBXFileReference; lastKnownFileType = sourcecode.c.c; path = "benchmark-million-async.c"; sourceTree = "<group>"; };
		0EC6247DFE08AEF6EBA979B4 /* inet.c */ = {isa = PBXFileReference; lastKnownFileType = sourcecode.c.c; path = inet.c; sourceTree = "<group>"; };
		0F9AD78A28D4AB83078B4C46 /* run-benchmarks */ = {isa = PBXFileReference; explicitFileType = "compiled.mach-o.executable"; includeInIndex = 0; path = "run-benchmarks"; sourceTree = BUILT_PRODUCTS_DIR; };
		1090AB4394C6592B39BEF8F1 /* runner.h */ = {isa = PBXFileReference; lastKnownFileType = sourcecode.c.h; path = runner.h; sourceTree = "<group>"; };
		10AA4661BE1DCC26DA9D8A81 /* ngx-queue.h */ = {isa = PBXFileReference; lastKnownFileType = sourcecode.c.h; path = "ngx-queue.h"; sourceTree = "<group>"; };
		1366FBDA3B41EA03E9CC86CA /* libuv.a */ = {isa = PBXFileReference; explicitFileType = archive.ar; includeInIndex = 0; path = libuv.a; sourceTree = BUILT_PRODUCTS_DIR; };
		13A481055CD717DF2541FF08 /* echo-server.c */ = {isa = PBXFileReference; lastKnownFileType = sourcecode.c.c; path = "echo-server.c"; sourceTree = "<group>"; };
		1620BD52B539ACBB339AC1E8 /* test-tcp-write-error.c */ = {isa = PBXFileReference; lastKnownFileType = sourcecode.c.c; path = "test-tcp-write-error.c"; sourceTree = "<group>"; };
		16FB9E3B8ED8630C181F2567 /* stream.c */ = {isa = PBXFileReference; lastKnownFileType = sourcecode.c.c; path = stream.c; sourceTree = "<group>"; };
		1743CFEBD471F9E247E53C9C /* uv-common.c */ = {isa = PBXFileReference; lastKnownFileType = sourcecode.c.c; path = "uv-common.c"; sourceTree = "<group>"; };
		186E0578A6EEFDFFD37238D3 /* error.c */ = {isa = PBXFileReference; lastKnownFileType = sourcecode.c.c; path = error.c; sourceTree = "<group>"; };
		1AEDC356AC91C38ACEFE41F6 /* benchmark-thread.c */ = {isa = PBXFileReference; lastKnownFileType = sourcecode.c.c; path = "benchmark-thread.c"; sourceTree = "<group>"; };
		216622BFD37947A32980CE52 /* internal.h */ = {isa = PBXFileReference; lastKnownFileType = sourcecode.c.h; path = internal.h; sourceTree = "<group>"; };
		21F44E6CE90F411154093C0A /* test-tcp-bind6-error.c */ = {isa = PBXFileReference; lastKnownFileType = sourcecode.c.c; path = "test-tcp-bind6-error.c"; sourceTree = "<group>"; };
		241DD966C4A104726884AB3E /* fsevents.c */ = {isa = PBXFileReference; lastKnownFileType = sourcecode.c.c; path = fsevents.c; sourceTree = "<group>"; };
		2506BBD8F8CF2CDF3156BD50 /* test-hrtime.c */ = {isa = PBXFileReference; lastKnownFileType = sourcecode.c.c; path = "test-hrtime.c"; sourceTree = "<group>"; };
		25A2B2B952E30889A1473E1D /* test-multiple-listen.c */ = {isa = PBXFileReference; lastKnownFileType = sourcecode.c.c; path = "test-multiple-listen.c"; sourceTree = "<group>"; };
		25C0E15B19C98D21BBF14E96 /* test-get-loadavg.c */ = {isa = PBXFileReference; lastKnownFileType = sourcecode.c.c; path = "test-get-loadavg.c"; sourceTree = "<group>"; };
		275071A6DFDDD433F83BD38C /* fs-poll.c */ = {isa = PBXFileReference; lastKnownFileType = sourcecode.c.c; path = "fs-poll.c"; sourceTree = "<group>"; };
		280831C5E7E115B84C341EC2 /* test-barrier.c */ = {isa = PBXFileReference; lastKnownFileType = sourcecode.c.c; path = "test-barrier.c"; sourceTree = "<group>"; };
		2BC84FC9CCCEF95ECCA4E892 /* dl.c */ = {isa = PBXFileReference; lastKnownFileType = sourcecode.c.c; path = dl.c; sourceTree = "<group>"; };
		2FCBDF1C9514BDE6E5AACC5F /* test-delayed-accept.c */ = {isa = PBXFileReference; lastKnownFileType = sourcecode.c.c; path = "test-delayed-accept.c"; sourceTree = "<group>"; };
		316AD7C948F5B2930EB33AD2 /* test-tcp-write-to-half-open-connection.c */ = {isa = PBXFileReference; lastKnownFileType = sourcecode.c.c; path = "test-tcp-write-to-half-open-connection.c"; sourceTree = "<group>"; };
		3188617F19884B6515B431D3 /* test-udp-dgram-too-big.c */ = {isa = PBXFileReference; lastKnownFileType = sourcecode.c.c; path = "test-udp-dgram-too-big.c"; sourceTree = "<group>"; };
		318EA9866DFFC64ACAC4F152 /* -lm */ = {isa = PBXFileReference; lastKnownFileType = text; path = "-lm"; sourceTree = "<group>"; };
		32389543F04A65EF40964A95 /* timer.c */ = {isa = PBXFileReference; lastKnownFileType = sourcecode.c.c; path = timer.c; sourceTree = "<group>"; };
		364B397F5209268AE3568849 /* test-pass-always.c */ = {isa = PBXFileReference; lastKnownFileType = sourcecode.c.c; path = "test-pass-always.c"; sourceTree = "<group>"; };
		38D47D402C89423C5D5F5472 /* uv-linux.h */ = {isa = PBXFileReference; lastKnownFileType = sourcecode.c.h; path = "uv-linux.h"; sourceTree = "<group>"; };
		3AB5075313B1DD32C65F7CF4 /* test-run-nowait.c */ = {isa = PBXFileReference; lastKnownFileType = sourcecode.c.c; path = "test-run-nowait.c"; sourceTree = "<group>"; };
		3C5B7938E5573807B173EE9A /* benchmark-async-pummel.c */ = {isa = PBXFileReference; lastKnownFileType = sourcecode.c.c; path = "benchmark-async-pummel.c"; sourceTree = "<group>"; };
		3C6C0F1C14D7606E450409AB /* test-fail-always.c */ = {isa = PBXFileReference; lastKnownFileType = sourcecode.c.c; path = "test-fail-always.c"; sourceTree = "<group>"; };
		3CB9B0B07A7DA38C302B48B6 /* test-process-title.c */ = {isa = PBXFileReference; lastKnownFileType = sourcecode.c.c; path = "test-process-title.c"; sourceTree = "<group>"; };
		3DC7B54C76C44A7ED402E734 /* test-udp-ipv6.c */ = {isa = PBXFileReference; lastKnownFileType = sourcecode.c.c; path = "test-udp-ipv6.c"; sourceTree = "<group>"; };
		3E221E3487C83972954FE3F4 /* fs.c */ = {isa = PBXFileReference; lastKnownFileType = sourcecode.c.c; path = fs.c; sourceTree = "<group>"; };
		3E9430088C8E2981AC505C51 /* test-util.c */ = {isa = PBXFileReference; lastKnownFileType = sourcecode.c.c; path = "test-util.c"; sourceTree = "<group>"; };
		40E9BEDAF8EE8374DF7FB743 /* runner.c */ = {isa = PBXFileReference; lastKnownFileType = sourcecode.c.c; path = runner.c; sourceTree = "<group>"; };
		45EB8B2FFCAEB423EBD7802F /* benchmark-multi-accept.c */ = {isa = PBXFileReference; lastKnownFileType = sourcecode.c.c; path = "benchmark-multi-accept.c"; sourceTree = "<group>"; };
		4A6F0573AC5F1585B4FD64CC /* test-shutdown-close.c */ = {isa = PBXFileReference; lastKnownFileType = sourcecode.c.c; path = "test-shutdown-close.c"; sourceTree = "<group>"; };
		510468EABB26161A1D2D22BD /* test-ref.c */ = {isa = PBXFileReference; lastKnownFileType = sourcecode.c.c; path = "test-ref.c"; sourceTree = "<group>"; };
		510D28C6CBBAA70DAA6B8D5B /* test-cwd-and-chdir.c */ = {isa = PBXFileReference; lastKnownFileType = sourcecode.c.c; path = "test-cwd-and-chdir.c"; sourceTree = "<group>"; };
		52786454B42E90186DCDED30 /* loop.c */ = {isa = PBXFileReference; lastKnownFileType = sourcecode.c.c; path = loop.c; sourceTree = "<group>"; };
		53DEF1C9AD211DAE223A543B /* test-tcp-connect-error.c */ = {isa = PBXFileReference; lastKnownFileType = sourcecode.c.c; path = "test-tcp-connect-error.c"; sourceTree = "<group>"; };
		55DADA8B912C46174791CBC8 /* getaddrinfo.c */ = {isa = PBXFileReference; lastKnownFileType = sourcecode.c.c; path = getaddrinfo.c; sourceTree = "<group>"; };
		56557578B6C2CCB8638B8B02 /* test-threadpool-cancel.c */ = {isa = PBXFileReference; lastKnownFileType = sourcecode.c.c; path = "test-threadpool-cancel.c"; sourceTree = "<group>"; };
		57210460BBB5FD25100F471D /* darwin.c */ = {isa = PBXFileReference; lastKnownFileType = sourcecode.c.c; path = darwin.c; sourceTree = "<group>"; };
		5779F004AD845DCF2CD72F51 /* tree.h */ = {isa = PBXFileReference; lastKnownFileType = sourcecode.c.h; path = tree.h; sourceTree = "<group>"; };
		57DE6015068DF11062A0843F /* test-list.h */ = {isa = PBXFileReference; lastKnownFileType = sourcecode.c.h; path = "test-list.h"; sourceTree = "<group>"; };
		5CA87C31857A5C8F3368B21D /* task.h */ = {isa = PBXFileReference; lastKnownFileType = sourcecode.c.h; path = task.h; sourceTree = "<group>"; };
		5E943496EF7DC77EF7A3AA9E /* include.gypi */ = {isa = PBXFileReference; lastKnownFileType = text; name = include.gypi; path = ../../../../.gyp/include.gypi; sourceTree = "<group>"; };
		60229CE02A7CA975502B2552 /* benchmark-pump.c */ = {isa = PBXFileReference; lastKnownFileType = sourcecode.c.c; path = "benchmark-pump.c"; sourceTree = "<group>"; };
		620073D11E295FE9C2A37CEA /* test-udp-open.c */ = {isa = PBXFileReference; lastKnownFileType = sourcecode.c.c; path = "test-udp-open.c"; sourceTree = "<group>"; };
		64757BCA7335FEFCED9A25EC /* run-tests */ = {isa = PBXFileReference; explicitFileType = "compiled.mach-o.executable"; includeInIndex = 0; path = "run-tests"; sourceTree = BUILT_PRODUCTS_DIR; };
		662B2D2317B6A44E4F973607 /* blackhole-server.c */ = {isa = PBXFileReference; lastKnownFileType = sourcecode.c.c; path = "blackhole-server.c"; sourceTree = "<group>"; };
		66D63C076D568F1435ED3BA7 /* test-fs-event.c */ = {isa = PBXFileReference; lastKnownFileType = sourcecode.c.c; path = "test-fs-event.c"; sourceTree = "<group>"; };
		698430D69C4B1AB970EBD864 /* common.gypi */ = {isa = PBXFileReference; lastKnownFileType = text; path = common.gypi; sourceTree = "<group>"; };
		6DA61F76AB0AADB4595DA36C /* test-getaddrinfo.c */ = {isa = PBXFileReference; lastKnownFileType = sourcecode.c.c; path = "test-getaddrinfo.c"; sourceTree = "<group>"; };
		6F9C81A962726E4A9A970ECC /* test-embed.c */ = {isa = PBXFileReference; lastKnownFileType = sourcecode.c.c; path = "test-embed.c"; sourceTree = "<group>"; };
		70A0058B0DBA0A5023BA6FF8 /* test-tcp-connect-timeout.c */ = {isa = PBXFileReference; lastKnownFileType = sourcecode.c.c; path = "test-tcp-connect-timeout.c"; sourceTree = "<group>"; };
		71A3FF0C938F91ED2A7D18A4 /* benchmark-getaddrinfo.c */ = {isa = PBXFileReference; lastKnownFileType = sourcecode.c.c; path = "benchmark-getaddrinfo.c"; sourceTree = "<group>"; };
		74F0F674CFBF30A1336F6106 /* thread.c */ = {isa = PBXFileReference; lastKnownFileType = sourcecode.c.c; path = thread.c; sourceTree = "<group>"; };
		753D16CD907AF790F753B558 /* test-udp-multicast-join.c */ = {isa = PBXFileReference; lastKnownFileType = sourcecode.c.c; path = "test-udp-multicast-join.c"; sourceTree = "<group>"; };
		76276F38C6E3CB81D6B9D005 /* tty.c */ = {isa = PBXFileReference; lastKnownFileType = sourcecode.c.c; path = tty.c; sourceTree = "<group>"; };
		7643716417C711503BFD09A3 /* runner-unix.c */ = {isa = PBXFileReference; lastKnownFileType = sourcecode.c.c; path = "runner-unix.c"; sourceTree = "<group>"; };
		7BE3C2C2E8F3FA98411914C0 /* dns-server.c */ = {isa = PBXFileReference; lastKnownFileType = sourcecode.c.c; path = "dns-server.c"; sourceTree = "<group>"; };
		80161391BFD0E1727CC6E837 /* test-tcp-shutdown-after-write.c */ = {isa = PBXFileReference; lastKnownFileType = sourcecode.c.c; path = "test-tcp-shutdown-after-write.c"; sourceTree = "<group>"; };
		8435BADCCE503B91EA350D35 /* threadpool.c */ = {isa = PBXFileReference; lastKnownFileType = sourcecode.c.c; path = threadpool.c; sourceTree = "<group>"; };
		849191188262BA3B64111F92 /* uv-unix.h */ = {isa = PBXFileReference; lastKnownFileType = sourcecode.c.h; path = "uv-unix.h"; sourceTree = "<group>"; };
		87E6CBAAE987592E6E6D92DF /* benchmark-million-timers.c */ = {isa = PBXFileReference; lastKnownFileType = sourcecode.c.c; path = "benchmark-million-timers.c"; sourceTree = "<group>"; };
		8AFA5C670D8AD48D37984209 /* test-dlerror.c */ = {isa = PBXFileReference; lastKnownFileType = sourcecode.c.c; path = "test-dlerror.c"; sourceTree = "<group>"; };
		8B579310E33D590B7B2986DD /* benchmark-pound.c */ = {isa = PBXFileReference; lastKnownFileType = sourcecode.c.c; path = "benchmark-pound.c"; sourceTree = "<group>"; };
		8D4D4F766CFD4876472B6BC7 /* pipe.c */ = {isa = PBXFileReference; lastKnownFileType = sourcecode.c.c; path = pipe.c; sourceTree = "<group>"; };
		8E551C652371445F29B89AB7 /* test-threadpool.c */ = {isa = PBXFileReference; lastKnownFileType = sourcecode.c.c; path = "test-threadpool.c"; sourceTree = "<group>"; };
		8E758132FDE9BA65B4A096D4 /* async.c */ = {isa = PBXFileReference; lastKnownFileType = sourcecode.c.c; path = async.c; sourceTree = "<group>"; };
		9305F843E193CA80518E9784 /* uv-darwin.h */ = {isa = PBXFileReference; lastKnownFileType = sourcecode.c.h; path = "uv-darwin.h"; sourceTree = "<group>"; };
		94A00AA5A32C69299238B9FB /* test-pipe-connect-error.c */ = {isa = PBXFileReference; lastKnownFileType = sourcecode.c.c; path = "test-pipe-connect-error.c"; sourceTree = "<group>"; };
		961A1208CCF2496016CA9811 /* test-condvar-consumer-producer.c */ = {isa = PBXFileReference; lastKnownFileType = sourcecode.c.c; path = "test-condvar-consumer-producer.c"; sourceTree = "<group>"; };
		9844B804CF9FD3F84901E31F /* test-tcp-bind-error.c */ = {isa = PBXFileReference; lastKnownFileType = sourcecode.c.c; path = "test-tcp-bind-error.c"; sourceTree = "<group>"; };
		9A85D4B35FA78E4673FDD2E8 /* test-semaphore.c */ = {isa = PBXFileReference; lastKnownFileType = sourcecode.c.c; path = "test-semaphore.c"; sourceTree = "<group>"; };
		9B265B9316142326C0198456 /* test-tcp-connect-error-after-write.c */ = {isa = PBXFileReference; lastKnownFileType = sourcecode.c.c; path = "test-tcp-connect-error-after-write.c"; sourceTree = "<group>"; };
		9C66F1246EAC664C01670583 /* core.c */ = {isa = PBXFileReference; lastKnownFileType = sourcecode.c.c; path = core.c; sourceTree = "<group>"; };
		A10EBDAE85276BB1DAC6BEC2 /* test-tcp-read-stop.c */ = {isa = PBXFileReference; lastKnownFileType = sourcecode.c.c; path = "test-tcp-read-stop.c"; sourceTree = "<group>"; };
		A373F4CCC990B3E443A17858 /* test-udp-send-and-recv.c */ = {isa = PBXFileReference; lastKnownFileType = sourcecode.c.c; path = "test-udp-send-and-recv.c"; sourceTree = "<group>"; };
		A3811BFCF2926F88A89337BB /* test-active.c */ = {isa = PBXFileReference; lastKnownFileType = sourcecode.c.c; path = "test-active.c"; sourceTree = "<group>"; };
		A3F3A4F2D17FD2A483AF51FA /* test-tcp-flags.c */ = {isa = PBXFileReference; lastKnownFileType = sourcecode.c.c; path = "test-tcp-flags.c"; sourceTree = "<group>"; };
		A8597217335FF84165153D4B /* test-tcp-close.c */ = {isa = PBXFileReference; lastKnownFileType = sourcecode.c.c; path = "test-tcp-close.c"; sourceTree = "<group>"; };
		A9675BCCFA028E67B099FAD9 /* benchmark-spawn.c */ = {isa = PBXFileReference; lastKnownFileType = sourcecode.c.c; path = "benchmark-spawn.c"; sourceTree = "<group>"; };
		AA6B994642205C21E60C743E /* test-signal.c */ = {isa = PBXFileReference; lastKnownFileType = sourcecode.c.c; path = "test-signal.c"; sourceTree = "<group>"; };
		AB5162813A86658ED3C35DE7 /* test-tcp-close-while-connecting.c */ = {isa = PBXFileReference; lastKnownFileType = sourcecode.c.c; path = "test-tcp-close-while-connecting.c"; sourceTree = "<group>"; };
		ACCC29CD063F11F82B0C1A5C /* uv-sunos.h */ = {isa = PBXFileReference; lastKnownFileType = sourcecode.c.h; path = "uv-sunos.h"; sourceTree = "<group>"; };
		ACF4D2EA3CDC0D3720CC6652 /* signal.c */ = {isa = PBXFileReference; lastKnownFileType = sourcecode.c.c; path = signal.c; sourceTree = "<group>"; };
		AD66A8CB1CEC48AD0FFF2F9F /* test-tcp-connect6-error.c */ = {isa = PBXFileReference; lastKnownFileType = sourcecode.c.c; path = "test-tcp-connect6-error.c"; sourceTree = "<group>"; };
		AE4D2060456EF8924D630BF5 /* test-tcp-writealot.c */ = {isa = PBXFileReference; lastKnownFileType = sourcecode.c.c; path = "test-tcp-writealot.c"; sourceTree = "<group>"; };
		AE5B26B1B281FE8E387DFF3B /* test-get-memory.c */ = {isa = PBXFileReference; lastKnownFileType = sourcecode.c.c; path = "test-get-memory.c"; sourceTree = "<group>"; };
		B0708FEC17D43F3E8C955C3C /* test-condvar.c */ = {isa = PBXFileReference; lastKnownFileType = sourcecode.c.c; path = "test-condvar.c"; sourceTree = "<group>"; };
		B22DD3075F8496F6CCB30FF4 /* test-timer.c */ = {isa = PBXFileReference; lastKnownFileType = sourcecode.c.c; path = "test-timer.c"; sourceTree = "<group>"; };
		B23671ECA0B5788EB95304F3 /* runner-unix.h */ = {isa = PBXFileReference; lastKnownFileType = sourcecode.c.h; path = "runner-unix.h"; sourceTree = "<group>"; };
		B2A5682EB1EBDB63A5A4FF68 /* test-tcp-open.c */ = {isa = PBXFileReference; lastKnownFileType = sourcecode.c.c; path = "test-tcp-open.c"; sourceTree = "<group>"; };
		BC29DD05C9D8E927B20DFA52 /* test-stdio-over-pipes.c */ = {isa = PBXFileReference; lastKnownFileType = sourcecode.c.c; path = "test-stdio-over-pipes.c"; sourceTree = "<group>"; };
		BD566A6717132B083504D61D /* udp.c */ = {isa = PBXFileReference; lastKnownFileType = sourcecode.c.c; path = udp.c; sourceTree = "<group>"; };
		BDD22039B6923DFA419D3E31 /* poll.c */ = {isa = PBXFileReference; lastKnownFileType = sourcecode.c.c; path = poll.c; sourceTree = "<group>"; };
		BE99830220F54369574D85E4 /* test-spawn.c */ = {isa = PBXFileReference; lastKnownFileType = sourcecode.c.c; path = "test-spawn.c"; sourceTree = "<group>"; };
		BED29F62F7EA09D75179DCB2 /* loop-watcher.c */ = {isa = PBXFileReference; lastKnownFileType = sourcecode.c.c; path = "loop-watcher.c"; sourceTree = "<group>"; };
		C0D8DB4019A65E9B53025FE6 /* test-tty.c */ = {isa = PBXFileReference; lastKnownFileType = sourcecode.c.c; path = "test-tty.c"; sourceTree = "<group>"; };
		C1B02795E043A2AEAD2C9F33 /* benchmark-tcp-write-batch.c */ = {isa = PBXFileReference; lastKnownFileType = sourcecode.c.c; path = "benchmark-tcp-write-batch.c"; sourceTree = "<group>"; };
		C353118A0EDAD5BCC72C5FE9 /* benchmark-loop-count.c */ = {isa = PBXFileReference; lastKnownFileType = sourcecode.c.c; path = "benchmark-loop-count.c"; sourceTree = "<group>"; };
		C6C0358734B0B1F9B852FD94 /* test-idle.c */ = {isa = PBXFileReference; lastKnownFileType = sourcecode.c.c; path = "test-idle.c"; sourceTree = "<group>"; };
		C71EC85F047F99FE208C1F0D /* test-signal-multiple-loops.c */ = {isa = PBXFileReference; lastKnownFileType = sourcecode.c.c; path = "test-signal-multiple-loops.c"; sourceTree = "<group>"; };
		C9438BC085BFB10797057568 /* benchmark-fs-stat.c */ = {isa = PBXFileReference; lastKnownFileType = sourcecode.c.c; path = "benchmark-fs-stat.c"; sourceTree = "<group>"; };
		C9C75784CD22A66F9F04C7B5 /* run-tests.c */ = {isa = PBXFileReference; lastKnownFileType = sourcecode.c.c; path = "run-tests.c"; sourceTree = "<group>"; };
		CB406F622239E7FAAAB8EAE2 /* test-loop-handles.c */ = {isa = PBXFileReference; lastKnownFileType = sourcecode.c.c; path = "test-loop-handles.c"; sourceTree = "<group>"; };
		CB508B03B6E18FC82BBEF94B /* uv.gyp */ = {isa = PBXFileReference; lastKnownFileType = text; path = uv.gyp; sourceTree = "<group>"; };
		CB8103F2E2700E5FEBF27904 /* test-poll.c */ = {isa = PBXFileReference; lastKnownFileType = sourcecode.c.c; path = "test-poll.c"; sourceTree = "<group>"; };
		CBD7AB980C90721CA1D5F82C /* process.c */ = {isa = PBXFileReference; lastKnownFileType = sourcecode.c.c; path = process.c; sourceTree = "<group>"; };
		CBDF89446097E83456C90765 /* test-shutdown-eof.c */ = {isa = PBXFileReference; lastKnownFileType = sourcecode.c.c; path = "test-shutdown-eof.c"; sourceTree = "<group>"; };
		D104A37848709B637D0EE191 /* benchmark-list.h */ = {isa = PBXFileReference; lastKnownFileType = sourcecode.c.h; path = "benchmark-list.h"; sourceTree = "<group>"; };
		D35EF8AE3F1599379B059C21 /* test-callback-order.c */ = {isa = PBXFileReference; lastKnownFileType = sourcecode.c.c; path = "test-callback-order.c"; sourceTree = "<group>"; };
		D46A15BA83C3F90AC2DD2DD7 /* run-benchmarks.c */ = {isa = PBXFileReference; lastKnownFileType = sourcecode.c.c; path = "run-benchmarks.c"; sourceTree = "<group>"; };
		D5DBA64661E3E3823FF0B65B /* kqueue.c */ = {isa = PBXFileReference; lastKnownFileType = sourcecode.c.c; path = kqueue.c; sourceTree = "<group>"; };
		D6DAE8C2782A52106270890A /* test-ipc.c */ = {isa = PBXFileReference; lastKnownFileType = sourcecode.c.c; path = "test-ipc.c"; sourceTree = "<group>"; };
		D76CFDEC5CCCB2F04CE35957 /* test-tcp-unexpected-read.c */ = {isa = PBXFileReference; lastKnownFileType = sourcecode.c.c; path = "test-tcp-unexpected-read.c"; sourceTree = "<group>"; };
		D802F084D22996AAB91E635A /* test-pipe-bind-error.c */ = {isa = PBXFileReference; lastKnownFileType = sourcecode.c.c; path = "test-pipe-bind-error.c"; sourceTree = "<group>"; };
		D8284066040C7BF32BECF7D8 /* test-udp-multicast-ttl.c */ = {isa = PBXFileReference; lastKnownFileType = sourcecode.c.c; path = "test-udp-multicast-ttl.c"; sourceTree = "<group>"; };
		D92DBEDBC6997337583EAFA9 /* test-mutexes.c */ = {isa = PBXFileReference; lastKnownFileType = sourcecode.c.c; path = "test-mutexes.c"; sourceTree = "<group>"; };
		DBDA1EFD678C245D220F1B03 /* test-callback-stack.c */ = {isa = PBXFileReference; lastKnownFileType = sourcecode.c.c; path = "test-callback-stack.c"; sourceTree = "<group>"; };
		DBF9320C8747AC249A48252B /* test-poll-close.c */ = {isa = PBXFileReference; lastKnownFileType = sourcecode.c.c; path = "test-poll-close.c"; sourceTree = "<group>"; };
		DC7ABE0C36CD714B1FEEE137 /* uv-common.h */ = {isa = PBXFileReference; lastKnownFileType = sourcecode.c.h; path = "uv-common.h"; sourceTree = "<group>"; };
		E15E9A50BC6B315A09BE15AC /* test-connection-fail.c */ = {isa = PBXFileReference; lastKnownFileType = sourcecode.c.c; path = "test-connection-fail.c"; sourceTree = "<group>"; };
		E1F38034811CC5EE9AD2B423 /* test-udp-options.c */ = {isa = PBXFileReference; lastKnownFileType = sourcecode.c.c; path = "test-udp-options.c"; sourceTree = "<group>"; };
		E368BCF1DD85809BEF537A3F /* benchmark-udp-pummel.c */ = {isa = PBXFileReference; lastKnownFileType = sourcecode.c.c; path = "benchmark-udp-pummel.c"; sourceTree = "<group>"; };
		E4AE32327D64874DDD491120 /* uv-bsd.h */ = {isa = PBXFileReference; lastKnownFileType = sourcecode.c.h; path = "uv-bsd.h"; sourceTree = "<group>"; };
		E693261F971F3A54AC55C056 /* test-platform-output.c */ = {isa = PBXFileReference; lastKnownFileType = sourcecode.c.c; path = "test-platform-output.c"; sourceTree = "<group>"; };
		E822CE24A76F2A8ABCB6EED8 /* test-run-once.c */ = {isa = PBXFileReference; lastKnownFileType = sourcecode.c.c; path = "test-run-once.c"; sourceTree = "<group>"; };
		EC43658C0E7B3EEEC341967B /* test-fs.c */ = {isa = PBXFileReference; lastKnownFileType = sourcecode.c.c; path = "test-fs.c"; sourceTree = "<group>"; };
		ED9B014AF7582AA76DB79DB1 /* test-getsockname.c */ = {isa = PBXFileReference; lastKnownFileType = sourcecode.c.c; path = "test-getsockname.c"; sourceTree = "<group>"; };
		EF8C2717D547EFDA37597CB2 /* benchmark-sizes.c */ = {isa = PBXFileReference; lastKnownFileType = sourcecode.c.c; path = "benchmark-sizes.c"; sourceTree = "<group>"; };
		F0CD1F73A009BCBE5A154BCC /* benchmark-async.c */ = {isa = PBXFileReference; lastKnownFileType = sourcecode.c.c; path = "benchmark-async.c"; sourceTree = "<group>"; };
		F10903B978B991B31FF3B017 /* test-walk-handles.c */ = {isa = PBXFileReference; lastKnownFileType = sourcecode.c.c; path = "test-walk-handles.c"; sourceTree = "<group>"; };
		F2EC593AFD68A9BF413FC922 /* test-get-currentexe.c */ = {isa = PBXFileReference; lastKnownFileType = sourcecode.c.c; path = "test-get-currentexe.c"; sourceTree = "<group>"; };
		F352721F73E72394A3FE9461 /* test-thread.c */ = {isa = PBXFileReference; lastKnownFileType = sourcecode.c.c; path = "test-thread.c"; sourceTree = "<group>"; };
		F421F5C124F677089D975332 /* test-error.c */ = {isa = PBXFileReference; lastKnownFileType = sourcecode.c.c; path = "test-error.c"; sourceTree = "<group>"; };
		FB9BD151BFC6BA6B11502F14 /* test-timer-again.c */ = {isa = PBXFileReference; lastKnownFileType = sourcecode.c.c; path = "test-timer-again.c"; sourceTree = "<group>"; };
		FF6D88115DA2D561A23C3983 /* test-fs-poll.c */ = {isa = PBXFileReference; lastKnownFileType = sourcecode.c.c; path = "test-fs-poll.c"; sourceTree = "<group>"; };
/* End PBXFileReference section */

/* Begin PBXFrameworksBuildPhase section */
		00AF9DECCD0093346201E0A6 /* Frameworks */ = {
			isa = PBXFrameworksBuildPhase;
			buildActionMask = 2147483647;
			files = (
				0FCF82A29347B8DA90A22EB4 /* libuv.a in Frameworks */,
				C644B97C17C17A8C07063806 /* -lm in Frameworks */,
				64492FE128370935998FC9D6 /* CoreServices.framework in Frameworks */,
			);
			runOnlyForDeploymentPostprocessing = 0;
		};
		29E56E392DE49B04B94293E4 /* Frameworks */ = {
			isa = PBXFrameworksBuildPhase;
			buildActionMask = 2147483647;
			files = (
				32D9DF4C4B21AC1FABE8140D /* libuv.a in Frameworks */,
				9F1CEDD79BF2E1008CA40D02 /* -lm in Frameworks */,
				9C3742F16A40BDDFB77F2D08 /* CoreServices.framework in Frameworks */,
			);
			runOnlyForDeploymentPostprocessing = 0;
		};
		BE431C080E4A0226E726296F /* Frameworks */ = {
			isa = PBXFrameworksBuildPhase;
			buildActionMask = 2147483647;
			files = (
			);
			runOnlyForDeploymentPostprocessing = 0;
		};
/* End PBXFrameworksBuildPhase section */

/* Begin PBXGroup section */
		0B4240635CAD89BEE763CA39 /* Source */ = {
			isa = PBXGroup;
			children = (
				6B30F4E7F9FCC0BB7D4AA557 /* include */,
				44DD5D10215A62E87828A13D /* src */,
				C3C0A7D4677F439FBFC94E40 /* test */,
				698430D69C4B1AB970EBD864 /* common.gypi */,
			);
			name = Source;
			sourceTree = "<group>";
		};
		44DD5D10215A62E87828A13D /* src */ = {
			isa = PBXGroup;
			children = (
				6C6814DEA67FFB564074D2EB /* unix */,
				275071A6DFDDD433F83BD38C /* fs-poll.c */,
				0EC6247DFE08AEF6EBA979B4 /* inet.c */,
				1743CFEBD471F9E247E53C9C /* uv-common.c */,
				DC7ABE0C36CD714B1FEEE137 /* uv-common.h */,
			);
			path = src;
			sourceTree = "<group>";
		};
		48B449F6B4BCBB26D9B91235 /* Build */ = {
			isa = PBXGroup;
			children = (
				5E943496EF7DC77EF7A3AA9E /* include.gypi */,
				CB508B03B6E18FC82BBEF94B /* uv.gyp */,
			);
			name = Build;
			sourceTree = "<group>";
		};
		6B30F4E7F9FCC0BB7D4AA557 /* include */ = {
			isa = PBXGroup;
			children = (
				7A7BCDC6698CCE11CDD8AB0A /* uv-private */,
				06164444BD9491650B2F269F /* uv.h */,
			);
			path = include;
			sourceTree = "<group>";
		};
		6C6814DEA67FFB564074D2EB /* unix */ = {
			isa = PBXGroup;
			children = (
				8E758132FDE9BA65B4A096D4 /* async.c */,
				9C66F1246EAC664C01670583 /* core.c */,
				57210460BBB5FD25100F471D /* darwin.c */,
				2BC84FC9CCCEF95ECCA4E892 /* dl.c */,
				186E0578A6EEFDFFD37238D3 /* error.c */,
				3E221E3487C83972954FE3F4 /* fs.c */,
				241DD966C4A104726884AB3E /* fsevents.c */,
				55DADA8B912C46174791CBC8 /* getaddrinfo.c */,
				216622BFD37947A32980CE52 /* internal.h */,
				D5DBA64661E3E3823FF0B65B /* kqueue.c */,
				BED29F62F7EA09D75179DCB2 /* loop-watcher.c */,
				52786454B42E90186DCDED30 /* loop.c */,
				8D4D4F766CFD4876472B6BC7 /* pipe.c */,
				BDD22039B6923DFA419D3E31 /* poll.c */,
				CBD7AB980C90721CA1D5F82C /* process.c */,
				ACF4D2EA3CDC0D3720CC6652 /* signal.c */,
				16FB9E3B8ED8630C181F2567 /* stream.c */,
				006788E3A1BCDB01D5AFA26D /* tcp.c */,
				74F0F674CFBF30A1336F6106 /* thread.c */,
				8435BADCCE503B91EA350D35 /* threadpool.c */,
				32389543F04A65EF40964A95 /* timer.c */,
				76276F38C6E3CB81D6B9D005 /* tty.c */,
				BD566A6717132B083504D61D /* udp.c */,
			);
			path = unix;
			sourceTree = "<group>";
		};
		7A7BCDC6698CCE11CDD8AB0A /* uv-private */ = {
			isa = PBXGroup;
			children = (
				10AA4661BE1DCC26DA9D8A81 /* ngx-queue.h */,
				5779F004AD845DCF2CD72F51 /* tree.h */,
				E4AE32327D64874DDD491120 /* uv-bsd.h */,
				9305F843E193CA80518E9784 /* uv-darwin.h */,
				38D47D402C89423C5D5F5472 /* uv-linux.h */,
				ACCC29CD063F11F82B0C1A5C /* uv-sunos.h */,
				849191188262BA3B64111F92 /* uv-unix.h */,
			);
			path = "uv-private";
			sourceTree = "<group>";
		};
		9441FFEF004DB5FD3E72FDB0 = {
			isa = PBXGroup;
			children = (
				0B4240635CAD89BEE763CA39 /* Source */,
				9A1856DE6B2EA1168F98E79C /* Frameworks */,
				B558567D77938862D4BF0470 /* Products */,
				48B449F6B4BCBB26D9B91235 /* Build */,
			);
			sourceTree = "<group>";
		};
		9A1856DE6B2EA1168F98E79C /* Frameworks */ = {
			isa = PBXGroup;
			children = (
				318EA9866DFFC64ACAC4F152 /* -lm */,
				03995E82ED3EDC866A50CA3F /* CoreServices.framework */,
			);
			name = Frameworks;
			sourceTree = "<group>";
		};
		B558567D77938862D4BF0470 /* Products */ = {
			isa = PBXGroup;
			children = (
				1366FBDA3B41EA03E9CC86CA /* libuv.a */,
				64757BCA7335FEFCED9A25EC /* run-tests */,
				0F9AD78A28D4AB83078B4C46 /* run-benchmarks */,
			);
			name = Products;
			sourceTree = "<group>";
		};
		C3C0A7D4677F439FBFC94E40 /* test */ = {
			isa = PBXGroup;
			children = (
				3C5B7938E5573807B173EE9A /* benchmark-async-pummel.c */,
				F0CD1F73A009BCBE5A154BCC /* benchmark-async.c */,
				C9438BC085BFB10797057568 /* benchmark-fs-stat.c */,
				71A3FF0C938F91ED2A7D18A4 /* benchmark-getaddrinfo.c */,
				D104A37848709B637D0EE191 /* benchmark-list.h */,
				C353118A0EDAD5BCC72C5FE9 /* benchmark-loop-count.c */,
				0B9678FEDDD905E7E042A429 /* benchmark-million-async.c */,
				87E6CBAAE987592E6E6D92DF /* benchmark-million-timers.c */,
				45EB8B2FFCAEB423EBD7802F /* benchmark-multi-accept.c */,
				08B4926132CCE7E662372FE0 /* benchmark-ping-pongs.c */,
				8B579310E33D590B7B2986DD /* benchmark-pound.c */,
				60229CE02A7CA975502B2552 /* benchmark-pump.c */,
				EF8C2717D547EFDA37597CB2 /* benchmark-sizes.c */,
				A9675BCCFA028E67B099FAD9 /* benchmark-spawn.c */,
				C1B02795E043A2AEAD2C9F33 /* benchmark-tcp-write-batch.c */,
				1AEDC356AC91C38ACEFE41F6 /* benchmark-thread.c */,
				E368BCF1DD85809BEF537A3F /* benchmark-udp-pummel.c */,
				662B2D2317B6A44E4F973607 /* blackhole-server.c */,
				7BE3C2C2E8F3FA98411914C0 /* dns-server.c */,
				13A481055CD717DF2541FF08 /* echo-server.c */,
				D46A15BA83C3F90AC2DD2DD7 /* run-benchmarks.c */,
				C9C75784CD22A66F9F04C7B5 /* run-tests.c */,
				7643716417C711503BFD09A3 /* runner-unix.c */,
				B23671ECA0B5788EB95304F3 /* runner-unix.h */,
				40E9BEDAF8EE8374DF7FB743 /* runner.c */,
				1090AB4394C6592B39BEF8F1 /* runner.h */,
				5CA87C31857A5C8F3368B21D /* task.h */,
				A3811BFCF2926F88A89337BB /* test-active.c */,
				09E1C49826F829FC6D2C4C32 /* test-async.c */,
				280831C5E7E115B84C341EC2 /* test-barrier.c */,
				D35EF8AE3F1599379B059C21 /* test-callback-order.c */,
				DBDA1EFD678C245D220F1B03 /* test-callback-stack.c */,
				961A1208CCF2496016CA9811 /* test-condvar-consumer-producer.c */,
				B0708FEC17D43F3E8C955C3C /* test-condvar.c */,
				E15E9A50BC6B315A09BE15AC /* test-connection-fail.c */,
				510D28C6CBBAA70DAA6B8D5B /* test-cwd-and-chdir.c */,
				2FCBDF1C9514BDE6E5AACC5F /* test-delayed-accept.c */,
				8AFA5C670D8AD48D37984209 /* test-dlerror.c */,
				6F9C81A962726E4A9A970ECC /* test-embed.c */,
				F421F5C124F677089D975332 /* test-error.c */,
				3C6C0F1C14D7606E450409AB /* test-fail-always.c */,
				66D63C076D568F1435ED3BA7 /* test-fs-event.c */,
				FF6D88115DA2D561A23C3983 /* test-fs-poll.c */,
				EC43658C0E7B3EEEC341967B /* test-fs.c */,
				F2EC593AFD68A9BF413FC922 /* test-get-currentexe.c */,
				25C0E15B19C98D21BBF14E96 /* test-get-loadavg.c */,
				AE5B26B1B281FE8E387DFF3B /* test-get-memory.c */,
				6DA61F76AB0AADB4595DA36C /* test-getaddrinfo.c */,
				ED9B014AF7582AA76DB79DB1 /* test-getsockname.c */,
				2506BBD8F8CF2CDF3156BD50 /* test-hrtime.c */,
				C6C0358734B0B1F9B852FD94 /* test-idle.c */,
				0610F0CB80462AA5B4062F9B /* test-ipc-send-recv.c */,
				D6DAE8C2782A52106270890A /* test-ipc.c */,
				57DE6015068DF11062A0843F /* test-list.h */,
				CB406F622239E7FAAAB8EAE2 /* test-loop-handles.c */,
				25A2B2B952E30889A1473E1D /* test-multiple-listen.c */,
				D92DBEDBC6997337583EAFA9 /* test-mutexes.c */,
				364B397F5209268AE3568849 /* test-pass-always.c */,
				03D9E038B87B5924BB8CE155 /* test-ping-pong.c */,
				D802F084D22996AAB91E635A /* test-pipe-bind-error.c */,
				94A00AA5A32C69299238B9FB /* test-pipe-connect-error.c */,
				E693261F971F3A54AC55C056 /* test-platform-output.c */,
				DBF9320C8747AC249A48252B /* test-poll-close.c */,
				CB8103F2E2700E5FEBF27904 /* test-poll.c */,
				3CB9B0B07A7DA38C302B48B6 /* test-process-title.c */,
				510468EABB26161A1D2D22BD /* test-ref.c */,
				3AB5075313B1DD32C65F7CF4 /* test-run-nowait.c */,
				E822CE24A76F2A8ABCB6EED8 /* test-run-once.c */,
				9A85D4B35FA78E4673FDD2E8 /* test-semaphore.c */,
				4A6F0573AC5F1585B4FD64CC /* test-shutdown-close.c */,
				CBDF89446097E83456C90765 /* test-shutdown-eof.c */,
				C71EC85F047F99FE208C1F0D /* test-signal-multiple-loops.c */,
				AA6B994642205C21E60C743E /* test-signal.c */,
				BE99830220F54369574D85E4 /* test-spawn.c */,
				BC29DD05C9D8E927B20DFA52 /* test-stdio-over-pipes.c */,
				9844B804CF9FD3F84901E31F /* test-tcp-bind-error.c */,
				21F44E6CE90F411154093C0A /* test-tcp-bind6-error.c */,
				AB5162813A86658ED3C35DE7 /* test-tcp-close-while-connecting.c */,
				A8597217335FF84165153D4B /* test-tcp-close.c */,
				9B265B9316142326C0198456 /* test-tcp-connect-error-after-write.c */,
				53DEF1C9AD211DAE223A543B /* test-tcp-connect-error.c */,
				70A0058B0DBA0A5023BA6FF8 /* test-tcp-connect-timeout.c */,
				AD66A8CB1CEC48AD0FFF2F9F /* test-tcp-connect6-error.c */,
				A3F3A4F2D17FD2A483AF51FA /* test-tcp-flags.c */,
				B2A5682EB1EBDB63A5A4FF68 /* test-tcp-open.c */,
				A10EBDAE85276BB1DAC6BEC2 /* test-tcp-read-stop.c */,
				80161391BFD0E1727CC6E837 /* test-tcp-shutdown-after-write.c */,
				D76CFDEC5CCCB2F04CE35957 /* test-tcp-unexpected-read.c */,
				1620BD52B539ACBB339AC1E8 /* test-tcp-write-error.c */,
				316AD7C948F5B2930EB33AD2 /* test-tcp-write-to-half-open-connection.c */,
				AE4D2060456EF8924D630BF5 /* test-tcp-writealot.c */,
				F352721F73E72394A3FE9461 /* test-thread.c */,
				56557578B6C2CCB8638B8B02 /* test-threadpool-cancel.c */,
				8E551C652371445F29B89AB7 /* test-threadpool.c */,
				FB9BD151BFC6BA6B11502F14 /* test-timer-again.c */,
				B22DD3075F8496F6CCB30FF4 /* test-timer.c */,
				C0D8DB4019A65E9B53025FE6 /* test-tty.c */,
				3188617F19884B6515B431D3 /* test-udp-dgram-too-big.c */,
				3DC7B54C76C44A7ED402E734 /* test-udp-ipv6.c */,
				753D16CD907AF790F753B558 /* test-udp-multicast-join.c */,
				D8284066040C7BF32BECF7D8 /* test-udp-multicast-ttl.c */,
				620073D11E295FE9C2A37CEA /* test-udp-open.c */,
				E1F38034811CC5EE9AD2B423 /* test-udp-options.c */,
				A373F4CCC990B3E443A17858 /* test-udp-send-and-recv.c */,
				3E9430088C8E2981AC505C51 /* test-util.c */,
				F10903B978B991B31FF3B017 /* test-walk-handles.c */,
			);
			path = test;
			sourceTree = "<group>";
		};
/* End PBXGroup section */

/* Begin PBXNativeTarget section */
		178071661CB321BB5A46AC92 /* libuv */ = {
			isa = PBXNativeTarget;
			buildConfigurationList = C25720DE719950FCE3D0A683 /* Build configuration list for PBXNativeTarget "libuv" */;
			buildPhases = (
				3C2B766126B21EA9E789F2EB /* Sources */,
				BE431C080E4A0226E726296F /* Frameworks */,
			);
			buildRules = (
			);
			dependencies = (
			);
			name = libuv;
			productName = uv;
			productReference = 1366FBDA3B41EA03E9CC86CA /* libuv.a */;
			productType = "com.apple.product-type.library.static";
		};
		A481575742DC2CA77987CD55 /* run-benchmarks */ = {
			isa = PBXNativeTarget;
			buildConfigurationList = 450E2E0DC03F33D0AC4940CE /* Build configuration list for PBXNativeTarget "run-benchmarks" */;
			buildPhases = (
				C38217403FE9A1EA2651E740 /* Sources */,
				00AF9DECCD0093346201E0A6 /* Frameworks */,
			);
			buildRules = (
			);
			dependencies = (
				917ABF657662CB7B4E1A185B /* PBXTargetDependency */,
			);
			name = "run-benchmarks";
			productName = "run-benchmarks";
			productReference = 0F9AD78A28D4AB83078B4C46 /* run-benchmarks */;
			productType = "com.apple.product-type.tool";
		};
		D9233647E13A9525F991A21E /* run-tests */ = {
			isa = PBXNativeTarget;
			buildConfigurationList = 4CDE5F6C5456C810EBDF1ABD /* Build configuration list for PBXNativeTarget "run-tests" */;
			buildPhases = (
				2221359F17BEE8166E8AFAC9 /* Sources */,
				29E56E392DE49B04B94293E4 /* Frameworks */,
			);
			buildRules = (
			);
			dependencies = (
				EC5EB1057A1DAFCDCA0EF249 /* PBXTargetDependency */,
			);
			name = "run-tests";
			productName = "run-tests";
			productReference = 64757BCA7335FEFCED9A25EC /* run-tests */;
			productType = "com.apple.product-type.tool";
		};
/* End PBXNativeTarget section */

/* Begin PBXProject section */
		36EC565658762C7175600AFC /* Project object */ = {
			isa = PBXProject;
			attributes = {
				BuildIndependentTargetsInParallel = YES;
			};
			buildConfigurationList = 8C5C4470AE99DE5DE330356A /* Build configuration list for PBXProject "uv" */;
			compatibilityVersion = "Xcode 3.2";
			hasScannedForEncodings = 1;
			mainGroup = 9441FFEF004DB5FD3E72FDB0;
			projectDirPath = "";
			projectRoot = "";
			targets = (
				1BF323A2B02F1EC68832C2CB /* All */,
				178071661CB321BB5A46AC92 /* libuv */,
				D9233647E13A9525F991A21E /* run-tests */,
				A481575742DC2CA77987CD55 /* run-benchmarks */,
			);
		};
/* End PBXProject section */

/* Begin PBXSourcesBuildPhase section */
		2221359F17BEE8166E8AFAC9 /* Sources */ = {
			isa = PBXSourcesBuildPhase;
			buildActionMask = 2147483647;
			files = (
				D27900B8F2993D15323AF5ED /* blackhole-server.c in Sources */,
				1D21651C8A9D8707860F9A36 /* echo-server.c in Sources */,
				62255EB4BAE73F4F90CF526A /* run-tests.c in Sources */,
				BFA70F44A3255893338979FF /* runner.c in Sources */,
				23DBDC01E423BE1F244B7C91 /* test-get-loadavg.c in Sources */,
				BBBC1C5BD57544CF5AA7CBE0 /* test-util.c in Sources */,
				14B86A9BEB28FB105615DFC3 /* test-active.c in Sources */,
				8860AAF43E5D9970673CC744 /* test-async.c in Sources */,
				3B10CECF239B2E3DA1E4B4B1 /* test-callback-stack.c in Sources */,
				735A7921134E1C3CE1467E0E /* test-callback-order.c in Sources */,
				32B6B46F6FB1E2AB460428F7 /* test-connection-fail.c in Sources */,
				D3A5AF7AC3990A19D51CC279 /* test-cwd-and-chdir.c in Sources */,
				EE1B109B91604A81AFD114AC /* test-delayed-accept.c in Sources */,
				55851CD2E853262A98822ADD /* test-error.c in Sources */,
				C69947A5962437AB1A454E05 /* test-embed.c in Sources */,
				63AF9372CB9756BF53FD922E /* test-fail-always.c in Sources */,
				61FC8D1BFC04537B33A27643 /* test-fs.c in Sources */,
				5B887D1A1222591ADEB448A5 /* test-fs-event.c in Sources */,
				6EF51BF92CF2A0D2A3E5E94F /* test-get-currentexe.c in Sources */,
				1A8CE7F039C577E8102A5DA6 /* test-get-memory.c in Sources */,
				BE450C0F94893CCE83F8ECA5 /* test-getaddrinfo.c in Sources */,
				0A846E3A8BBC0B530A6D442F /* test-getsockname.c in Sources */,
				48583FDD5B0EAAF7C107BEDF /* test-hrtime.c in Sources */,
				C738C6F2F1BDDA1EC514ADA9 /* test-idle.c in Sources */,
				E6AB8937BDD46E0A4355CF14 /* test-ipc.c in Sources */,
				11158E94D838CCF65334691D /* test-ipc-send-recv.c in Sources */,
				8596F28BF8646E242288008F /* test-loop-handles.c in Sources */,
				89BEF9EF6A3B4DBBCFA974E9 /* test-walk-handles.c in Sources */,
				216F4FFD1504E87C66E0882C /* test-multiple-listen.c in Sources */,
				CA192CB0B92EBD38B0B5F764 /* test-pass-always.c in Sources */,
				44E943C56B534956EC381523 /* test-ping-pong.c in Sources */,
				1ED4DED5AFD499699D83B3A5 /* test-pipe-bind-error.c in Sources */,
				A16FF58A289F8EEE2A9CF3C0 /* test-pipe-connect-error.c in Sources */,
				A8AD43489D5E35ED67781643 /* test-platform-output.c in Sources */,
				491AE5F3CDD37FE966979C8D /* test-poll.c in Sources */,
				170EA76CCA1A9652863BE9FA /* test-poll-close.c in Sources */,
				C588A1C91CBACBF7A60A840F /* test-process-title.c in Sources */,
				5150758927C494792892A7EA /* test-ref.c in Sources */,
				289D27DE0FB5089282EFA885 /* test-run-nowait.c in Sources */,
				B9FD8D81F3AEE61AB960E870 /* test-run-once.c in Sources */,
				EFB91C0C9EFE4837604EE5CC /* test-semaphore.c in Sources */,
				9E46B32498329DFAFF2A7038 /* test-shutdown-close.c in Sources */,
				2D731AEEA359D693B688B6E9 /* test-shutdown-eof.c in Sources */,
				DEECCCE6FB3297DD2310CE1B /* test-signal.c in Sources */,
				5F312E24B2CBA15F713872AE /* test-signal-multiple-loops.c in Sources */,
				5DAA8965F8DA2CDD3D02BE62 /* test-spawn.c in Sources */,
				0B9D95836E97DDA1F51ADCB9 /* test-fs-poll.c in Sources */,
				4729E005F642B106C68C969A /* test-stdio-over-pipes.c in Sources */,
				D66D8E4B9E34DFE9B91FE178 /* test-tcp-bind-error.c in Sources */,
				2396B4EBB9CE1F8492C7940D /* test-tcp-bind6-error.c in Sources */,
				0C936C43E618508AA4797523 /* test-tcp-close.c in Sources */,
				6C1C485540986C53AB43A9B1 /* test-tcp-close-while-connecting.c in Sources */,
				A2ED56C765DE5AC4238A24A6 /* test-tcp-connect-error-after-write.c in Sources */,
				73E6ED243553AAE41024BF4F /* test-tcp-shutdown-after-write.c in Sources */,
				0B8D76DB2B4A34A7A93969CA /* test-tcp-flags.c in Sources */,
				6A6EF571EC5578C2E87ECF6C /* test-tcp-connect-error.c in Sources */,
				318FE4CAE72E32DB04F1B5CC /* test-tcp-connect-timeout.c in Sources */,
				C1A5EB90A17A84EDAFFED9DC /* test-tcp-connect6-error.c in Sources */,
				58B26D7938C9AFE13F74046D /* test-tcp-open.c in Sources */,
				9C5945291F40CBB0F118E209 /* test-tcp-write-error.c in Sources */,
				1F34CD1843270EF9A2CC3660 /* test-tcp-write-to-half-open-connection.c in Sources */,
				BE68F014C04C13456EB87F10 /* test-tcp-writealot.c in Sources */,
				097E0CF1D4A7385531932DC8 /* test-tcp-unexpected-read.c in Sources */,
				29B0683E19DFA1BE1D0A0E88 /* test-tcp-read-stop.c in Sources */,
				C90CCEFB24F9FF85796C25CB /* test-threadpool.c in Sources */,
				BF1DCF8CC4158FC91670BAAF /* test-threadpool-cancel.c in Sources */,
				9783CDD36F7CFD2F67F55B0D /* test-mutexes.c in Sources */,
				44BEDE6723471F1F87CB6C6C /* test-thread.c in Sources */,
				FC8A0166483EB812AB36C912 /* test-barrier.c in Sources */,
				2C08FE60A0AD22B70E569049 /* test-condvar.c in Sources */,
				C90B08B5CC3A855B6AD31381 /* test-condvar-consumer-producer.c in Sources */,
				F853C5A26DCE0C60C30D81B8 /* test-timer-again.c in Sources */,
				EEB8ECDA43371BEF410BC283 /* test-timer.c in Sources */,
				370017A28C0CFA057C6D45D7 /* test-tty.c in Sources */,
				66A38C8F06881E8518C4DF84 /* test-udp-dgram-too-big.c in Sources */,
				CF9D9BEA733C02D6CD365F5F /* test-udp-ipv6.c in Sources */,
				D837EDB22B757C735172067B /* test-udp-open.c in Sources */,
				3A64C6C133A6BA925A37C98F /* test-udp-options.c in Sources */,
				3622D9F0C54E31B10C71DD10 /* test-udp-send-and-recv.c in Sources */,
				EE3A78D9E46F3482FA74E574 /* test-udp-multicast-join.c in Sources */,
				D66EAC3D003548DD5ED94A3C /* test-dlerror.c in Sources */,
				039F0A61141917E787F5AA1E /* test-udp-multicast-ttl.c in Sources */,
				1ED8E4E7F5399A78E1B6AD3E /* runner-unix.c in Sources */,
			);
			runOnlyForDeploymentPostprocessing = 0;
		};
		3C2B766126B21EA9E789F2EB /* Sources */ = {
			isa = PBXSourcesBuildPhase;
			buildActionMask = 2147483647;
			files = (
				31A0A9D0FAE69BF07803FD98 /* fs-poll.c in Sources */,
				3824D9E0A37CA2D9B227AFE9 /* inet.c in Sources */,
				2D539615291E6C07891BE72A /* uv-common.c in Sources */,
				CFC25C1D0B95A4FD05F8CF2F /* async.c in Sources */,
				41C0B806F76F96A9912D180A /* core.c in Sources */,
				1FB957D9574C32013F98A236 /* dl.c in Sources */,
				9AE33F6D4F7EE9A7BA553430 /* error.c in Sources */,
				AAD82C2C51B55390A85A2B3D /* fs.c in Sources */,
				B5085AFFFFFAB77417889CE7 /* getaddrinfo.c in Sources */,
				B014B9FC3DCECBCA830F77AE /* loop.c in Sources */,
				17147DBE484EE8BAB9B4D2F8 /* loop-watcher.c in Sources */,
				B8B25C5A77AE6C70638921BE /* pipe.c in Sources */,
				8469B050BB4B8DD2280D7EAB /* poll.c in Sources */,
				37DF9DA16EA8DF9EEA562048 /* process.c in Sources */,
				34AA2BECD936855ED143AEFB /* signal.c in Sources */,
				87192A43CDE5B3531F27B8AB /* stream.c in Sources */,
				C79731F16FFECA0727F05C81 /* tcp.c in Sources */,
				D520BB16A703DE2E8B4FE297 /* thread.c in Sources */,
				9776097BE218F29B23927A4B /* threadpool.c in Sources */,
				9187161B64450370586106A8 /* timer.c in Sources */,
				6E684207F79D20FE567ADA15 /* tty.c in Sources */,
				65F7C671BDADDC17EBA23375 /* udp.c in Sources */,
				309AC1476B157DD2458005F2 /* darwin.c in Sources */,
				9B62D21EAB618C110F4F1EFA /* fsevents.c in Sources */,
				D0F8FF1D80EADDA5EE71544B /* kqueue.c in Sources */,
			);
			runOnlyForDeploymentPostprocessing = 0;
		};
		C38217403FE9A1EA2651E740 /* Sources */ = {
			isa = PBXSourcesBuildPhase;
			buildActionMask = 2147483647;
			files = (
				FBDB7E25347962BF1EC858E1 /* benchmark-async.c in Sources */,
				49566C7E01F092457F138366 /* benchmark-async-pummel.c in Sources */,
				BEB497010267758E19549A53 /* benchmark-fs-stat.c in Sources */,
				DB5591AB4F48A978714A9F35 /* benchmark-getaddrinfo.c in Sources */,
				EC8D3ED8D454BB3BCA1C222A /* benchmark-loop-count.c in Sources */,
				2F66C6C907D6E6CF74CB6F0D /* benchmark-million-async.c in Sources */,
				293EC596BAFFE1AC06D4CC4C /* benchmark-million-timers.c in Sources */,
				748872446BBE8DDA98FD3A05 /* benchmark-multi-accept.c in Sources */,
				C6579631E19A8D102E1EBF10 /* benchmark-ping-pongs.c in Sources */,
				7AD2D1E3006F15A30E74C929 /* benchmark-pound.c in Sources */,
				3980D7C357548F8B3A37FC2E /* benchmark-pump.c in Sources */,
				FA32E619CA881BE32222124C /* benchmark-sizes.c in Sources */,
				62243B49A32B8CA1F8BA0976 /* benchmark-spawn.c in Sources */,
				6A0AF2239173876976369AD1 /* benchmark-thread.c in Sources */,
				A9E0C2C5D99972B77AF1F30B /* benchmark-tcp-write-batch.c in Sources */,
				0E9410BB40BCE1B4C917CED7 /* benchmark-udp-pummel.c in Sources */,
				11EBEC74128269D8ED84B3CA /* dns-server.c in Sources */,
				8D763A46254DCA2F2AA81D55 /* echo-server.c in Sources */,
				8CAD02486B176FB2ED51CA54 /* blackhole-server.c in Sources */,
				3B3EF08D26AA7FE8EB6D705C /* run-benchmarks.c in Sources */,
				940B9A917ABA695F2B0840A0 /* runner.c in Sources */,
				D56A9951FBA66233501695BB /* runner-unix.c in Sources */,
			);
			runOnlyForDeploymentPostprocessing = 0;
		};
/* End PBXSourcesBuildPhase section */

/* Begin PBXTargetDependency section */
		6AA312E9C9D767599DC10FA1 /* PBXTargetDependency */ = {
			isa = PBXTargetDependency;
			target = D9233647E13A9525F991A21E /* run-tests */;
			targetProxy = D14F3AB9F03F2BAE17DCC696 /* PBXContainerItemProxy */;
		};
		917ABF657662CB7B4E1A185B /* PBXTargetDependency */ = {
			isa = PBXTargetDependency;
			target = 178071661CB321BB5A46AC92 /* libuv */;
			targetProxy = 7B5C0D3558609EFA7885929F /* PBXContainerItemProxy */;
		};
		DFCEE91384FB383829C69B0B /* PBXTargetDependency */ = {
			isa = PBXTargetDependency;
			target = 178071661CB321BB5A46AC92 /* libuv */;
			targetProxy = 04ED21EC7D0F0261F5BB9400 /* PBXContainerItemProxy */;
		};
		EC5EB1057A1DAFCDCA0EF249 /* PBXTargetDependency */ = {
			isa = PBXTargetDependency;
			target = 178071661CB321BB5A46AC92 /* libuv */;
			targetProxy = 53F005A90DE5A64FA96A61FB /* PBXContainerItemProxy */;
		};
		FB6419D8479D06EDB7EAD4F9 /* PBXTargetDependency */ = {
			isa = PBXTargetDependency;
			target = A481575742DC2CA77987CD55 /* run-benchmarks */;
			targetProxy = 4537704A156CA7358FD6D434 /* PBXContainerItemProxy */;
		};
/* End PBXTargetDependency section */

/* Begin XCBuildConfiguration section */
		03F083385161E62BD5E6A056 /* Default */ = {
			isa = XCBuildConfiguration;
			buildSettings = {
				EXECUTABLE_PREFIX = "";
				GCC_PREPROCESSOR_DEFINITIONS = (
					"\"_LARGEFILE_SOURCE\"",
					"\"_FILE_OFFSET_BITS=64\"",
					"\"_GNU_SOURCE\"",
					"\"_POSIX_C_SOURCE=200112\"",
					"\"_DARWIN_USE_64_BIT_INODE=1\"",
					"\"_DARWIN_C_SOURCE\"",
				);
				HEADER_SEARCH_PATHS = include;
				LIBRARY_SEARCH_PATHS = (
					"",
					"$(SDKROOT)/System/Library/Frameworks",
				);
				PRODUCT_NAME = "run-tests";
			};
			name = Default;
		};
		19E0C09436AF887CB2DB6108 /* Default */ = {
			isa = XCBuildConfiguration;
			buildSettings = {
				PRODUCT_NAME = All;
			};
			name = Default;
		};
		8EBEE4B819DF62E97E0DE73F /* Default */ = {
			isa = XCBuildConfiguration;
			buildSettings = {
				EXECUTABLE_PREFIX = "";
				GCC_PREPROCESSOR_DEFINITIONS = (
					"\"_LARGEFILE_SOURCE\"",
					"\"_FILE_OFFSET_BITS=64\"",
					"\"_GNU_SOURCE\"",
					"\"_POSIX_C_SOURCE=200112\"",
					"\"_DARWIN_USE_64_BIT_INODE=1\"",
					"\"_DARWIN_C_SOURCE\"",
				);
				HEADER_SEARCH_PATHS = include;
				LIBRARY_SEARCH_PATHS = (
					"",
					"$(SDKROOT)/System/Library/Frameworks",
				);
				PRODUCT_NAME = "run-benchmarks";
			};
			name = Default;
		};
		A99C1EF3080BAD852B8D3E92 /* Default */ = {
			isa = XCBuildConfiguration;
			buildSettings = {
				EXECUTABLE_PREFIX = lib;
				GCC_PREPROCESSOR_DEFINITIONS = (
					"\"_LARGEFILE_SOURCE\"",
					"\"_FILE_OFFSET_BITS=64\"",
					"\"_GNU_SOURCE\"",
					"\"HAVE_CONFIG_H\"",
					"\"_DARWIN_USE_64_BIT_INODE=1\"",
				);
				HEADER_SEARCH_PATHS = (
					include,
					"include/uv-private",
					src/,
				);
				PRODUCT_NAME = uv;
			};
			name = Default;
		};
		B7C8814BFAEC393AB8AEFC9B /* Default */ = {
			isa = XCBuildConfiguration;
			buildSettings = {
				INTERMEDIATE_DIR = "$(PROJECT_DERIVED_FILE_DIR)/$(CONFIGURATION)";
				SHARED_INTERMEDIATE_DIR = "$(SYMROOT)/DerivedSources/$(CONFIGURATION)";
			};
			name = Default;
		};
/* End XCBuildConfiguration section */

/* Begin XCConfigurationList section */
		450E2E0DC03F33D0AC4940CE /* Build configuration list for PBXNativeTarget "run-benchmarks" */ = {
			isa = XCConfigurationList;
			buildConfigurations = (
				8EBEE4B819DF62E97E0DE73F /* Default */,
			);
			defaultConfigurationIsVisible = 1;
			defaultConfigurationName = Default;
		};
		4CDE5F6C5456C810EBDF1ABD /* Build configuration list for PBXNativeTarget "run-tests" */ = {
			isa = XCConfigurationList;
			buildConfigurations = (
				03F083385161E62BD5E6A056 /* Default */,
			);
			defaultConfigurationIsVisible = 1;
			defaultConfigurationName = Default;
		};
		8C5C4470AE99DE5DE330356A /* Build configuration list for PBXProject "uv" */ = {
			isa = XCConfigurationList;
			buildConfigurations = (
				B7C8814BFAEC393AB8AEFC9B /* Default */,
			);
			defaultConfigurationIsVisible = 1;
			defaultConfigurationName = Default;
		};
		C25720DE719950FCE3D0A683 /* Build configuration list for PBXNativeTarget "libuv" */ = {
			isa = XCConfigurationList;
			buildConfigurations = (
				A99C1EF3080BAD852B8D3E92 /* Default */,
			);
			defaultConfigurationIsVisible = 1;
			defaultConfigurationName = Default;
		};
		EB6C1E4AF282847509C3F777 /* Build configuration list for PBXAggregateTarget "All" */ = {
			isa = XCConfigurationList;
			buildConfigurations = (
				19E0C09436AF887CB2DB6108 /* Default */,
			);
			defaultConfigurationIsVisible = 1;
			defaultConfigurationName = Default;
		};
/* End XCConfigurationList section */
	};
	rootObject = 36EC565658762C7175600AFC /* Project object */;
}
